// !$*UTF8*$!
{
	archiveVersion = 1;
	classes = {
	};
	objectVersion = 55;
	objects = {

/* Begin PBXBuildFile section */
		FD14A2A228B7944D0025DE29 /* RootFeature.swift in Sources */ = {isa = PBXBuildFile; fileRef = FD14A2A128B7944D0025DE29 /* RootFeature.swift */; };
		FD14A2A428B795DE0025DE29 /* DashboardFeature.swift in Sources */ = {isa = PBXBuildFile; fileRef = FD14A2A328B795DE0025DE29 /* DashboardFeature.swift */; };
		FD14A2A728B7A22D0025DE29 /* FirebaseAnalytics in Frameworks */ = {isa = PBXBuildFile; productRef = FD14A2A628B7A22D0025DE29 /* FirebaseAnalytics */; };
		FD14A2A928B7A22D0025DE29 /* FirebaseAnalyticsOnDeviceConversion in Frameworks */ = {isa = PBXBuildFile; productRef = FD14A2A828B7A22D0025DE29 /* FirebaseAnalyticsOnDeviceConversion */; };
		FD14A2AB28B7A22D0025DE29 /* FirebaseAnalyticsSwift in Frameworks */ = {isa = PBXBuildFile; productRef = FD14A2AA28B7A22D0025DE29 /* FirebaseAnalyticsSwift */; };
		FD14A2AD28B7A22D0025DE29 /* FirebaseAnalyticsWithoutAdIdSupport in Frameworks */ = {isa = PBXBuildFile; productRef = FD14A2AC28B7A22D0025DE29 /* FirebaseAnalyticsWithoutAdIdSupport */; };
		FD14A2AF28B7A22D0025DE29 /* FirebaseAppCheck in Frameworks */ = {isa = PBXBuildFile; productRef = FD14A2AE28B7A22D0025DE29 /* FirebaseAppCheck */; };
		FD14A2B128B7A22D0025DE29 /* FirebaseAppDistribution-Beta in Frameworks */ = {isa = PBXBuildFile; productRef = FD14A2B028B7A22D0025DE29 /* FirebaseAppDistribution-Beta */; };
		FD14A2B328B7A22D0025DE29 /* FirebaseAuth in Frameworks */ = {isa = PBXBuildFile; productRef = FD14A2B228B7A22D0025DE29 /* FirebaseAuth */; };
		FD14A2B528B7A22D0025DE29 /* FirebaseAuthCombine-Community in Frameworks */ = {isa = PBXBuildFile; productRef = FD14A2B428B7A22D0025DE29 /* FirebaseAuthCombine-Community */; };
		FD14A2B728B7A22D0025DE29 /* FirebaseCrashlytics in Frameworks */ = {isa = PBXBuildFile; productRef = FD14A2B628B7A22D0025DE29 /* FirebaseCrashlytics */; };
		FD14A2B928B7A22D0025DE29 /* FirebaseDatabase in Frameworks */ = {isa = PBXBuildFile; productRef = FD14A2B828B7A22D0025DE29 /* FirebaseDatabase */; };
		FD14A2BB28B7A22D0025DE29 /* FirebaseDatabaseSwift in Frameworks */ = {isa = PBXBuildFile; productRef = FD14A2BA28B7A22D0025DE29 /* FirebaseDatabaseSwift */; };
		FD14A2BD28B7A22D0025DE29 /* FirebaseDynamicLinks in Frameworks */ = {isa = PBXBuildFile; productRef = FD14A2BC28B7A22D0025DE29 /* FirebaseDynamicLinks */; };
		FD14A2BF28B7A22D0025DE29 /* FirebaseFirestore in Frameworks */ = {isa = PBXBuildFile; productRef = FD14A2BE28B7A22D0025DE29 /* FirebaseFirestore */; };
		FD14A2C128B7A22D0025DE29 /* FirebaseFirestoreCombine-Community in Frameworks */ = {isa = PBXBuildFile; productRef = FD14A2C028B7A22D0025DE29 /* FirebaseFirestoreCombine-Community */; };
		FD14A2C328B7A22D0025DE29 /* FirebaseFirestoreSwift in Frameworks */ = {isa = PBXBuildFile; productRef = FD14A2C228B7A22D0025DE29 /* FirebaseFirestoreSwift */; };
		FD14A2C528B7A22D0025DE29 /* FirebaseFunctions in Frameworks */ = {isa = PBXBuildFile; productRef = FD14A2C428B7A22D0025DE29 /* FirebaseFunctions */; };
		FD14A2C728B7A22D0025DE29 /* FirebaseFunctionsCombine-Community in Frameworks */ = {isa = PBXBuildFile; productRef = FD14A2C628B7A22D0025DE29 /* FirebaseFunctionsCombine-Community */; };
		FD14A2C928B7A22D0025DE29 /* FirebaseInAppMessaging-Beta in Frameworks */ = {isa = PBXBuildFile; productRef = FD14A2C828B7A22D0025DE29 /* FirebaseInAppMessaging-Beta */; };
		FD14A2CB28B7A22D0025DE29 /* FirebaseInAppMessagingSwift-Beta in Frameworks */ = {isa = PBXBuildFile; productRef = FD14A2CA28B7A22D0025DE29 /* FirebaseInAppMessagingSwift-Beta */; };
		FD14A2CD28B7A22D0025DE29 /* FirebaseInstallations in Frameworks */ = {isa = PBXBuildFile; productRef = FD14A2CC28B7A22D0025DE29 /* FirebaseInstallations */; };
		FD14A2CF28B7A22D0025DE29 /* FirebaseMLModelDownloader in Frameworks */ = {isa = PBXBuildFile; productRef = FD14A2CE28B7A22D0025DE29 /* FirebaseMLModelDownloader */; };
		FD14A2D128B7A22D0025DE29 /* FirebaseMessaging in Frameworks */ = {isa = PBXBuildFile; productRef = FD14A2D028B7A22D0025DE29 /* FirebaseMessaging */; };
		FD14A2D328B7A22D0025DE29 /* FirebasePerformance in Frameworks */ = {isa = PBXBuildFile; productRef = FD14A2D228B7A22D0025DE29 /* FirebasePerformance */; };
		FD14A2D528B7A22D0025DE29 /* FirebaseRemoteConfig in Frameworks */ = {isa = PBXBuildFile; productRef = FD14A2D428B7A22D0025DE29 /* FirebaseRemoteConfig */; };
		FD14A2D728B7A22D0025DE29 /* FirebaseRemoteConfigSwift in Frameworks */ = {isa = PBXBuildFile; productRef = FD14A2D628B7A22D0025DE29 /* FirebaseRemoteConfigSwift */; };
		FD14A2D928B7A22D0025DE29 /* FirebaseStorage in Frameworks */ = {isa = PBXBuildFile; productRef = FD14A2D828B7A22D0025DE29 /* FirebaseStorage */; };
		FD14A2DB28B7A22D0025DE29 /* FirebaseStorageCombine-Community in Frameworks */ = {isa = PBXBuildFile; productRef = FD14A2DA28B7A22D0025DE29 /* FirebaseStorageCombine-Community */; };
		FD14A2E028B8B5760025DE29 /* AlreadyPaidFeature.swift in Sources */ = {isa = PBXBuildFile; fileRef = FD14A2DF28B8B5760025DE29 /* AlreadyPaidFeature.swift */; };
		FD14A2E228B8B6910025DE29 /* AlreadyPaidDataView.swift in Sources */ = {isa = PBXBuildFile; fileRef = FD14A2E128B8B6910025DE29 /* AlreadyPaidDataView.swift */; };
		FD14A2E428B8BBF50025DE29 /* AlreadyPaidModel.swift in Sources */ = {isa = PBXBuildFile; fileRef = FD14A2E328B8BBF50025DE29 /* AlreadyPaidModel.swift */; };
		FD14A2E628B8C45C0025DE29 /* UpcomingSubscriptionDataView.swift in Sources */ = {isa = PBXBuildFile; fileRef = FD14A2E528B8C45C0025DE29 /* UpcomingSubscriptionDataView.swift */; };
		FD14A2E828B8C8A90025DE29 /* AlreadyPaidEffect.swift in Sources */ = {isa = PBXBuildFile; fileRef = FD14A2E728B8C8A80025DE29 /* AlreadyPaidEffect.swift */; };
		FD248DE828B39BC600960952 /* MainTabView.swift in Sources */ = {isa = PBXBuildFile; fileRef = FD248DE728B39BC600960952 /* MainTabView.swift */; };
		FD248DEA28B39BD600960952 /* TabItemData.swift in Sources */ = {isa = PBXBuildFile; fileRef = FD248DE928B39BD600960952 /* TabItemData.swift */; };
		FD248DEC28B39BE400960952 /* TabItemView.swift in Sources */ = {isa = PBXBuildFile; fileRef = FD248DEB28B39BE400960952 /* TabItemView.swift */; };
		FD248DEE28B39BF100960952 /* TabBottomView.swift in Sources */ = {isa = PBXBuildFile; fileRef = FD248DED28B39BF100960952 /* TabBottomView.swift */; };
		FD248DF028B39C0000960952 /* CustomTabView.swift in Sources */ = {isa = PBXBuildFile; fileRef = FD248DEF28B39C0000960952 /* CustomTabView.swift */; };
		FD248DF228B39C6400960952 /* AppAppearance.swift in Sources */ = {isa = PBXBuildFile; fileRef = FD248DF128B39C6400960952 /* AppAppearance.swift */; };
		FD3E066728BABFDB00B85360 /* AddSubscriptionView.swift in Sources */ = {isa = PBXBuildFile; fileRef = FD3E066628BABFDB00B85360 /* AddSubscriptionView.swift */; };
		FD3E066A28BAC0A500B85360 /* SettingsView.swift in Sources */ = {isa = PBXBuildFile; fileRef = FD3E066928BAC0A500B85360 /* SettingsView.swift */; };
		FD3E066C28BAC0B800B85360 /* ContactUsView.swift in Sources */ = {isa = PBXBuildFile; fileRef = FD3E066B28BAC0B800B85360 /* ContactUsView.swift */; };
		FD3E066E28BAC0D800B85360 /* SocialMediaManager.swift in Sources */ = {isa = PBXBuildFile; fileRef = FD3E066D28BAC0D800B85360 /* SocialMediaManager.swift */; };
		FD4379B22818A65E0036AE8B /* AbonoApp.swift in Sources */ = {isa = PBXBuildFile; fileRef = FD4379B12818A65E0036AE8B /* AbonoApp.swift */; };
		FD4379B62818A65F0036AE8B /* Images.xcassets in Resources */ = {isa = PBXBuildFile; fileRef = FD4379B52818A65F0036AE8B /* Images.xcassets */; };
		FD4379B92818A65F0036AE8B /* Preview Assets.xcassets in Resources */ = {isa = PBXBuildFile; fileRef = FD4379B82818A65F0036AE8B /* Preview Assets.xcassets */; };
		FD97193628B3CF93008F6AFC /* APIError.swift in Sources */ = {isa = PBXBuildFile; fileRef = FD97193528B3CF93008F6AFC /* APIError.swift */; };
		FD97193828B3CFD5008F6AFC /* UpcomingSubscriptionModel.swift in Sources */ = {isa = PBXBuildFile; fileRef = FD97193728B3CFD5008F6AFC /* UpcomingSubscriptionModel.swift */; };
		FD97193A28B3D453008F6AFC /* UpcomingSubscriptionEffect.swift in Sources */ = {isa = PBXBuildFile; fileRef = FD97193928B3D453008F6AFC /* UpcomingSubscriptionEffect.swift */; };
		FDFB778728B39CF000E1C685 /* Colors.swift in Sources */ = {isa = PBXBuildFile; fileRef = FDFB778628B39CF000E1C685 /* Colors.swift */; };
		FDFB778928B39D0600E1C685 /* Colors.xcassets in Resources */ = {isa = PBXBuildFile; fileRef = FDFB778828B39D0600E1C685 /* Colors.xcassets */; };
		FDFB778B28B3ACF600E1C685 /* Fonts.swift in Sources */ = {isa = PBXBuildFile; fileRef = FDFB778A28B3ACF600E1C685 /* Fonts.swift */; };
		FDFB778E28B3AD7B00E1C685 /* DashboardView.swift in Sources */ = {isa = PBXBuildFile; fileRef = FDFB778D28B3AD7B00E1C685 /* DashboardView.swift */; };
		FDFB779028B3ADB800E1C685 /* HeaderView.swift in Sources */ = {isa = PBXBuildFile; fileRef = FDFB778F28B3ADB800E1C685 /* HeaderView.swift */; };
		FDFB779228B3ADE400E1C685 /* TopAmountSectionView.swift in Sources */ = {isa = PBXBuildFile; fileRef = FDFB779128B3ADE400E1C685 /* TopAmountSectionView.swift */; };
		FDFB779428B3AE0800E1C685 /* AmountCardView.swift in Sources */ = {isa = PBXBuildFile; fileRef = FDFB779328B3AE0800E1C685 /* AmountCardView.swift */; };
		FDFB779628B3AE2100E1C685 /* UpcomingSubscriptionsView.swift in Sources */ = {isa = PBXBuildFile; fileRef = FDFB779528B3AE2100E1C685 /* UpcomingSubscriptionsView.swift */; };
		FDFB779828B3AE3500E1C685 /* SubscriptionCardView.swift in Sources */ = {isa = PBXBuildFile; fileRef = FDFB779728B3AE3500E1C685 /* SubscriptionCardView.swift */; };
		FDFB779A28B3AE5000E1C685 /* ProgressCircleView.swift in Sources */ = {isa = PBXBuildFile; fileRef = FDFB779928B3AE5000E1C685 /* ProgressCircleView.swift */; };
		FDFB779C28B3AE6A00E1C685 /* AlreadyPaidView.swift in Sources */ = {isa = PBXBuildFile; fileRef = FDFB779B28B3AE6A00E1C685 /* AlreadyPaidView.swift */; };
		FDFB779E28B3AE8600E1C685 /* SubscriptionItemView.swift in Sources */ = {isa = PBXBuildFile; fileRef = FDFB779D28B3AE8600E1C685 /* SubscriptionItemView.swift */; };
		FDFB77A428B3C8C700E1C685 /* UpcomingSubscriptionsFeature.swift in Sources */ = {isa = PBXBuildFile; fileRef = FDFB77A328B3C8C700E1C685 /* UpcomingSubscriptionsFeature.swift */; };
		FDFB77A728B3CA7700E1C685 /* ComposableArchitecture in Frameworks */ = {isa = PBXBuildFile; productRef = FDFB77A628B3CA7700E1C685 /* ComposableArchitecture */; };
		FDFB77AA28B3CEB500E1C685 /* SystemEnvironment.swift in Sources */ = {isa = PBXBuildFile; fileRef = FDFB77A928B3CEB500E1C685 /* SystemEnvironment.swift */; };
/* End PBXBuildFile section */

/* Begin PBXContainerItemProxy section */
		FD4379BF2818A65F0036AE8B /* PBXContainerItemProxy */ = {
			isa = PBXContainerItemProxy;
			containerPortal = FD4379A62818A65E0036AE8B /* Project object */;
			proxyType = 1;
			remoteGlobalIDString = FD4379AD2818A65E0036AE8B;
			remoteInfo = Abono;
		};
		FD4379C92818A6600036AE8B /* PBXContainerItemProxy */ = {
			isa = PBXContainerItemProxy;
			containerPortal = FD4379A62818A65E0036AE8B /* Project object */;
			proxyType = 1;
			remoteGlobalIDString = FD4379AD2818A65E0036AE8B;
			remoteInfo = Abono;
		};
/* End PBXContainerItemProxy section */

/* Begin PBXFileReference section */
		FD14A2A128B7944D0025DE29 /* RootFeature.swift */ = {isa = PBXFileReference; lastKnownFileType = sourcecode.swift; path = RootFeature.swift; sourceTree = "<group>"; };
		FD14A2A328B795DE0025DE29 /* DashboardFeature.swift */ = {isa = PBXFileReference; lastKnownFileType = sourcecode.swift; path = DashboardFeature.swift; sourceTree = "<group>"; };
		FD14A2DF28B8B5760025DE29 /* AlreadyPaidFeature.swift */ = {isa = PBXFileReference; lastKnownFileType = sourcecode.swift; path = AlreadyPaidFeature.swift; sourceTree = "<group>"; };
		FD14A2E128B8B6910025DE29 /* AlreadyPaidDataView.swift */ = {isa = PBXFileReference; lastKnownFileType = sourcecode.swift; path = AlreadyPaidDataView.swift; sourceTree = "<group>"; };
		FD14A2E328B8BBF50025DE29 /* AlreadyPaidModel.swift */ = {isa = PBXFileReference; lastKnownFileType = sourcecode.swift; path = AlreadyPaidModel.swift; sourceTree = "<group>"; };
		FD14A2E528B8C45C0025DE29 /* UpcomingSubscriptionDataView.swift */ = {isa = PBXFileReference; lastKnownFileType = sourcecode.swift; path = UpcomingSubscriptionDataView.swift; sourceTree = "<group>"; };
		FD14A2E728B8C8A80025DE29 /* AlreadyPaidEffect.swift */ = {isa = PBXFileReference; lastKnownFileType = sourcecode.swift; path = AlreadyPaidEffect.swift; sourceTree = "<group>"; };
		FD248DE728B39BC600960952 /* MainTabView.swift */ = {isa = PBXFileReference; lastKnownFileType = sourcecode.swift; path = MainTabView.swift; sourceTree = "<group>"; };
		FD248DE928B39BD600960952 /* TabItemData.swift */ = {isa = PBXFileReference; lastKnownFileType = sourcecode.swift; path = TabItemData.swift; sourceTree = "<group>"; };
		FD248DEB28B39BE400960952 /* TabItemView.swift */ = {isa = PBXFileReference; lastKnownFileType = sourcecode.swift; path = TabItemView.swift; sourceTree = "<group>"; };
		FD248DED28B39BF100960952 /* TabBottomView.swift */ = {isa = PBXFileReference; lastKnownFileType = sourcecode.swift; path = TabBottomView.swift; sourceTree = "<group>"; };
		FD248DEF28B39C0000960952 /* CustomTabView.swift */ = {isa = PBXFileReference; lastKnownFileType = sourcecode.swift; path = CustomTabView.swift; sourceTree = "<group>"; };
		FD248DF128B39C6400960952 /* AppAppearance.swift */ = {isa = PBXFileReference; lastKnownFileType = sourcecode.swift; path = AppAppearance.swift; sourceTree = "<group>"; };
		FD3E066628BABFDB00B85360 /* AddSubscriptionView.swift */ = {isa = PBXFileReference; lastKnownFileType = sourcecode.swift; path = AddSubscriptionView.swift; sourceTree = "<group>"; };
		FD3E066928BAC0A500B85360 /* SettingsView.swift */ = {isa = PBXFileReference; lastKnownFileType = sourcecode.swift; path = SettingsView.swift; sourceTree = "<group>"; };
		FD3E066B28BAC0B800B85360 /* ContactUsView.swift */ = {isa = PBXFileReference; lastKnownFileType = sourcecode.swift; path = ContactUsView.swift; sourceTree = "<group>"; };
		FD3E066D28BAC0D800B85360 /* SocialMediaManager.swift */ = {isa = PBXFileReference; lastKnownFileType = sourcecode.swift; path = SocialMediaManager.swift; sourceTree = "<group>"; };
		FD4379AE2818A65E0036AE8B /* Abono.app */ = {isa = PBXFileReference; explicitFileType = wrapper.application; includeInIndex = 0; path = Abono.app; sourceTree = BUILT_PRODUCTS_DIR; };
		FD4379B12818A65E0036AE8B /* AbonoApp.swift */ = {isa = PBXFileReference; lastKnownFileType = sourcecode.swift; path = AbonoApp.swift; sourceTree = "<group>"; };
		FD4379B52818A65F0036AE8B /* Images.xcassets */ = {isa = PBXFileReference; lastKnownFileType = folder.assetcatalog; path = Images.xcassets; sourceTree = "<group>"; };
		FD4379B82818A65F0036AE8B /* Preview Assets.xcassets */ = {isa = PBXFileReference; lastKnownFileType = folder.assetcatalog; path = "Preview Assets.xcassets"; sourceTree = "<group>"; };
		FD4379BE2818A65F0036AE8B /* AbonoTests.xctest */ = {isa = PBXFileReference; explicitFileType = wrapper.cfbundle; includeInIndex = 0; path = AbonoTests.xctest; sourceTree = BUILT_PRODUCTS_DIR; };
		FD4379C82818A6600036AE8B /* AbonoUITests.xctest */ = {isa = PBXFileReference; explicitFileType = wrapper.cfbundle; includeInIndex = 0; path = AbonoUITests.xctest; sourceTree = BUILT_PRODUCTS_DIR; };
		FD97193528B3CF93008F6AFC /* APIError.swift */ = {isa = PBXFileReference; lastKnownFileType = sourcecode.swift; path = APIError.swift; sourceTree = "<group>"; };
		FD97193728B3CFD5008F6AFC /* UpcomingSubscriptionModel.swift */ = {isa = PBXFileReference; lastKnownFileType = sourcecode.swift; path = UpcomingSubscriptionModel.swift; sourceTree = "<group>"; };
		FD97193928B3D453008F6AFC /* UpcomingSubscriptionEffect.swift */ = {isa = PBXFileReference; lastKnownFileType = sourcecode.swift; path = UpcomingSubscriptionEffect.swift; sourceTree = "<group>"; };
		FDFB778628B39CF000E1C685 /* Colors.swift */ = {isa = PBXFileReference; lastKnownFileType = sourcecode.swift; path = Colors.swift; sourceTree = "<group>"; };
		FDFB778828B39D0600E1C685 /* Colors.xcassets */ = {isa = PBXFileReference; lastKnownFileType = folder.assetcatalog; path = Colors.xcassets; sourceTree = "<group>"; };
		FDFB778A28B3ACF600E1C685 /* Fonts.swift */ = {isa = PBXFileReference; lastKnownFileType = sourcecode.swift; path = Fonts.swift; sourceTree = "<group>"; };
		FDFB778D28B3AD7B00E1C685 /* DashboardView.swift */ = {isa = PBXFileReference; lastKnownFileType = sourcecode.swift; path = DashboardView.swift; sourceTree = "<group>"; };
		FDFB778F28B3ADB800E1C685 /* HeaderView.swift */ = {isa = PBXFileReference; lastKnownFileType = sourcecode.swift; path = HeaderView.swift; sourceTree = "<group>"; };
		FDFB779128B3ADE400E1C685 /* TopAmountSectionView.swift */ = {isa = PBXFileReference; lastKnownFileType = sourcecode.swift; path = TopAmountSectionView.swift; sourceTree = "<group>"; };
		FDFB779328B3AE0800E1C685 /* AmountCardView.swift */ = {isa = PBXFileReference; lastKnownFileType = sourcecode.swift; path = AmountCardView.swift; sourceTree = "<group>"; };
		FDFB779528B3AE2100E1C685 /* UpcomingSubscriptionsView.swift */ = {isa = PBXFileReference; lastKnownFileType = sourcecode.swift; path = UpcomingSubscriptionsView.swift; sourceTree = "<group>"; };
		FDFB779728B3AE3500E1C685 /* SubscriptionCardView.swift */ = {isa = PBXFileReference; lastKnownFileType = sourcecode.swift; path = SubscriptionCardView.swift; sourceTree = "<group>"; };
		FDFB779928B3AE5000E1C685 /* ProgressCircleView.swift */ = {isa = PBXFileReference; lastKnownFileType = sourcecode.swift; path = ProgressCircleView.swift; sourceTree = "<group>"; };
		FDFB779B28B3AE6A00E1C685 /* AlreadyPaidView.swift */ = {isa = PBXFileReference; lastKnownFileType = sourcecode.swift; path = AlreadyPaidView.swift; sourceTree = "<group>"; };
		FDFB779D28B3AE8600E1C685 /* SubscriptionItemView.swift */ = {isa = PBXFileReference; lastKnownFileType = sourcecode.swift; path = SubscriptionItemView.swift; sourceTree = "<group>"; };
		FDFB77A328B3C8C700E1C685 /* UpcomingSubscriptionsFeature.swift */ = {isa = PBXFileReference; lastKnownFileType = sourcecode.swift; path = UpcomingSubscriptionsFeature.swift; sourceTree = "<group>"; };
		FDFB77A928B3CEB500E1C685 /* SystemEnvironment.swift */ = {isa = PBXFileReference; lastKnownFileType = sourcecode.swift; path = SystemEnvironment.swift; sourceTree = "<group>"; };
/* End PBXFileReference section */

/* Begin PBXFrameworksBuildPhase section */
		FD4379AB2818A65E0036AE8B /* Frameworks */ = {
			isa = PBXFrameworksBuildPhase;
			buildActionMask = 2147483647;
			files = (
				FD14A2C528B7A22D0025DE29 /* FirebaseFunctions in Frameworks */,
				FD14A2BB28B7A22D0025DE29 /* FirebaseDatabaseSwift in Frameworks */,
				FD14A2CB28B7A22D0025DE29 /* FirebaseInAppMessagingSwift-Beta in Frameworks */,
				FD14A2D128B7A22D0025DE29 /* FirebaseMessaging in Frameworks */,
				FD14A2B128B7A22D0025DE29 /* FirebaseAppDistribution-Beta in Frameworks */,
				FD14A2B528B7A22D0025DE29 /* FirebaseAuthCombine-Community in Frameworks */,
				FD14A2C128B7A22D0025DE29 /* FirebaseFirestoreCombine-Community in Frameworks */,
				FD14A2AB28B7A22D0025DE29 /* FirebaseAnalyticsSwift in Frameworks */,
				FD14A2CF28B7A22D0025DE29 /* FirebaseMLModelDownloader in Frameworks */,
				FD14A2AD28B7A22D0025DE29 /* FirebaseAnalyticsWithoutAdIdSupport in Frameworks */,
				FD14A2A728B7A22D0025DE29 /* FirebaseAnalytics in Frameworks */,
				FD14A2C328B7A22D0025DE29 /* FirebaseFirestoreSwift in Frameworks */,
				FD14A2A928B7A22D0025DE29 /* FirebaseAnalyticsOnDeviceConversion in Frameworks */,
				FD14A2AF28B7A22D0025DE29 /* FirebaseAppCheck in Frameworks */,
				FD14A2D328B7A22D0025DE29 /* FirebasePerformance in Frameworks */,
				FD14A2C928B7A22D0025DE29 /* FirebaseInAppMessaging-Beta in Frameworks */,
				FD14A2C728B7A22D0025DE29 /* FirebaseFunctionsCombine-Community in Frameworks */,
				FD14A2B728B7A22D0025DE29 /* FirebaseCrashlytics in Frameworks */,
				FD14A2CD28B7A22D0025DE29 /* FirebaseInstallations in Frameworks */,
				FD14A2D528B7A22D0025DE29 /* FirebaseRemoteConfig in Frameworks */,
				FD14A2D928B7A22D0025DE29 /* FirebaseStorage in Frameworks */,
				FD14A2B928B7A22D0025DE29 /* FirebaseDatabase in Frameworks */,
				FD14A2DB28B7A22D0025DE29 /* FirebaseStorageCombine-Community in Frameworks */,
				FDFB77A728B3CA7700E1C685 /* ComposableArchitecture in Frameworks */,
				FD14A2B328B7A22D0025DE29 /* FirebaseAuth in Frameworks */,
				FD14A2BD28B7A22D0025DE29 /* FirebaseDynamicLinks in Frameworks */,
				FD14A2BF28B7A22D0025DE29 /* FirebaseFirestore in Frameworks */,
				FD14A2D728B7A22D0025DE29 /* FirebaseRemoteConfigSwift in Frameworks */,
			);
			runOnlyForDeploymentPostprocessing = 0;
		};
		FD4379BB2818A65F0036AE8B /* Frameworks */ = {
			isa = PBXFrameworksBuildPhase;
			buildActionMask = 2147483647;
			files = (
			);
			runOnlyForDeploymentPostprocessing = 0;
		};
		FD4379C52818A6600036AE8B /* Frameworks */ = {
			isa = PBXFrameworksBuildPhase;
			buildActionMask = 2147483647;
			files = (
			);
			runOnlyForDeploymentPostprocessing = 0;
		};
/* End PBXFrameworksBuildPhase section */

/* Begin PBXGroup section */
		FD14A2DC28B7A3430025DE29 /* Configuration */ = {
			isa = PBXGroup;
			children = (
				FD14A2DD28B7A3590025DE29 /* GoogleService-Info.plist */,
			);
			path = Configuration;
			sourceTree = "<group>";
		};
		FD248DE328B39A4700960952 /* Resources */ = {
			isa = PBXGroup;
			children = (
				FD4379B52818A65F0036AE8B /* Images.xcassets */,
				FDFB778828B39D0600E1C685 /* Colors.xcassets */,
				FD4379B72818A65F0036AE8B /* Preview Content */,
			);
			path = Resources;
			sourceTree = "<group>";
		};
		FD248DE428B39B0000960952 /* Application */ = {
			isa = PBXGroup;
			children = (
				FD248DE528B39B6C00960952 /* Root */,
				FDFB778C28B3AD6C00E1C685 /* Dashboard */,
				FD3E066528BABFC300B85360 /* AddSubscription */,
				FD3E066828BAC08800B85360 /* Settings */,
			);
			path = Application;
			sourceTree = "<group>";
		};
		FD248DE528B39B6C00960952 /* Root */ = {
			isa = PBXGroup;
			children = (
				FD4379B12818A65E0036AE8B /* AbonoApp.swift */,
				FD14A2A128B7944D0025DE29 /* RootFeature.swift */,
				FD248DE628B39B7A00960952 /* AppTabBar */,
				FD248DF128B39C6400960952 /* AppAppearance.swift */,
			);
			path = Root;
			sourceTree = "<group>";
		};
		FD248DE628B39B7A00960952 /* AppTabBar */ = {
			isa = PBXGroup;
			children = (
				FD248DE728B39BC600960952 /* MainTabView.swift */,
				FD248DE928B39BD600960952 /* TabItemData.swift */,
				FD248DEB28B39BE400960952 /* TabItemView.swift */,
				FD248DED28B39BF100960952 /* TabBottomView.swift */,
				FD248DEF28B39C0000960952 /* CustomTabView.swift */,
			);
			path = AppTabBar;
			sourceTree = "<group>";
		};
		FD3E066528BABFC300B85360 /* AddSubscription */ = {
			isa = PBXGroup;
			children = (
				FD3E066628BABFDB00B85360 /* AddSubscriptionView.swift */,
			);
			path = AddSubscription;
			sourceTree = "<group>";
		};
		FD3E066828BAC08800B85360 /* Settings */ = {
			isa = PBXGroup;
			children = (
				FD3E066928BAC0A500B85360 /* SettingsView.swift */,
				FD3E066B28BAC0B800B85360 /* ContactUsView.swift */,
			);
			path = Settings;
			sourceTree = "<group>";
		};
		FD4379A52818A65E0036AE8B = {
			isa = PBXGroup;
			children = (
				FD4379B02818A65E0036AE8B /* Abono */,
				FD4379C12818A6600036AE8B /* AbonoTests */,
				FD4379CB2818A6600036AE8B /* AbonoUITests */,
				FD4379AF2818A65E0036AE8B /* Products */,
			);
			sourceTree = "<group>";
		};
		FD4379AF2818A65E0036AE8B /* Products */ = {
			isa = PBXGroup;
			children = (
				FD4379AE2818A65E0036AE8B /* Abono.app */,
				FD4379BE2818A65F0036AE8B /* AbonoTests.xctest */,
				FD4379C82818A6600036AE8B /* AbonoUITests.xctest */,
			);
			name = Products;
			sourceTree = "<group>";
		};
		FD4379B02818A65E0036AE8B /* Abono */ = {
			isa = PBXGroup;
			children = (
				FD248DE428B39B0000960952 /* Application */,
				FDFB77A828B3CEA400E1C685 /* Shared */,
				FDFB778528B39CD600E1C685 /* Design System */,
				FD248DE328B39A4700960952 /* Resources */,
			);
			path = Abono;
			sourceTree = "<group>";
		};
		FD4379B72818A65F0036AE8B /* Preview Content */ = {
			isa = PBXGroup;
			children = (
				FD4379B82818A65F0036AE8B /* Preview Assets.xcassets */,
			);
			path = "Preview Content";
			sourceTree = "<group>";
		};
		FD4379C12818A6600036AE8B /* AbonoTests */ = {
			isa = PBXGroup;
			children = (
			);
			path = AbonoTests;
			sourceTree = "<group>";
		};
		FD4379CB2818A6600036AE8B /* AbonoUITests */ = {
			isa = PBXGroup;
			children = (
			);
			path = AbonoUITests;
			sourceTree = "<group>";
		};
		FDFB778528B39CD600E1C685 /* Design System */ = {
			isa = PBXGroup;
			children = (
				FDFB778628B39CF000E1C685 /* Colors.swift */,
				FDFB778A28B3ACF600E1C685 /* Fonts.swift */,
			);
			path = "Design System";
			sourceTree = "<group>";
		};
		FDFB778C28B3AD6C00E1C685 /* Dashboard */ = {
			isa = PBXGroup;
			children = (
				FD14A2A328B795DE0025DE29 /* DashboardFeature.swift */,
				FDFB778D28B3AD7B00E1C685 /* DashboardView.swift */,
				FDFB778F28B3ADB800E1C685 /* HeaderView.swift */,
				FDFB77A228B3B51C00E1C685 /* UpcomingSubscriptions */,
				FDFB779F28B3B4A200E1C685 /* AmoutSection */,
				FDFB77A128B3B4FB00E1C685 /* AlreadyPaid */,
			);
			path = Dashboard;
			sourceTree = "<group>";
		};
		FDFB779F28B3B4A200E1C685 /* AmoutSection */ = {
			isa = PBXGroup;
			children = (
				FDFB779128B3ADE400E1C685 /* TopAmountSectionView.swift */,
				FDFB779328B3AE0800E1C685 /* AmountCardView.swift */,
			);
			path = AmoutSection;
			sourceTree = "<group>";
		};
		FDFB77A028B3B4E800E1C685 /* SubscriptionCard */ = {
			isa = PBXGroup;
			children = (
				FDFB779728B3AE3500E1C685 /* SubscriptionCardView.swift */,
				FDFB779928B3AE5000E1C685 /* ProgressCircleView.swift */,
			);
			path = SubscriptionCard;
			sourceTree = "<group>";
		};
		FDFB77A128B3B4FB00E1C685 /* AlreadyPaid */ = {
			isa = PBXGroup;
			children = (
				FD14A2DF28B8B5760025DE29 /* AlreadyPaidFeature.swift */,
				FDFB779B28B3AE6A00E1C685 /* AlreadyPaidView.swift */,
				FDFB779D28B3AE8600E1C685 /* SubscriptionItemView.swift */,
				FD14A2E128B8B6910025DE29 /* AlreadyPaidDataView.swift */,
				FD14A2E728B8C8A80025DE29 /* AlreadyPaidEffect.swift */,
				FD14A2E328B8BBF50025DE29 /* AlreadyPaidModel.swift */,
			);
			path = AlreadyPaid;
			sourceTree = "<group>";
		};
		FDFB77A228B3B51C00E1C685 /* UpcomingSubscriptions */ = {
			isa = PBXGroup;
			children = (
				FDFB77A328B3C8C700E1C685 /* UpcomingSubscriptionsFeature.swift */,
				FDFB779528B3AE2100E1C685 /* UpcomingSubscriptionsView.swift */,
				FD97193928B3D453008F6AFC /* UpcomingSubscriptionEffect.swift */,
				FD97193728B3CFD5008F6AFC /* UpcomingSubscriptionModel.swift */,
				FD14A2E528B8C45C0025DE29 /* UpcomingSubscriptionDataView.swift */,
				FDFB77A028B3B4E800E1C685 /* SubscriptionCard */,
			);
			path = UpcomingSubscriptions;
			sourceTree = "<group>";
		};
		FDFB77A828B3CEA400E1C685 /* Shared */ = {
			isa = PBXGroup;
			children = (
				FDFB77A928B3CEB500E1C685 /* SystemEnvironment.swift */,
				FD97193528B3CF93008F6AFC /* APIError.swift */,
				FD3E066D28BAC0D800B85360 /* SocialMediaManager.swift */,
			);
			path = Shared;
			sourceTree = "<group>";
		};
/* End PBXGroup section */

/* Begin PBXNativeTarget section */
		FD4379AD2818A65E0036AE8B /* Abono */ = {
			isa = PBXNativeTarget;
			buildConfigurationList = FD4379D22818A6600036AE8B /* Build configuration list for PBXNativeTarget "Abono" */;
			buildPhases = (
				FD4379AA2818A65E0036AE8B /* Sources */,
				FD4379AB2818A65E0036AE8B /* Frameworks */,
				FD4379AC2818A65E0036AE8B /* Resources */,
			);
			buildRules = (
			);
			dependencies = (
			);
			name = Abono;
			packageProductDependencies = (
				FDFB77A628B3CA7700E1C685 /* ComposableArchitecture */,
				FD14A2A628B7A22D0025DE29 /* FirebaseAnalytics */,
				FD14A2A828B7A22D0025DE29 /* FirebaseAnalyticsOnDeviceConversion */,
				FD14A2AA28B7A22D0025DE29 /* FirebaseAnalyticsSwift */,
				FD14A2AC28B7A22D0025DE29 /* FirebaseAnalyticsWithoutAdIdSupport */,
				FD14A2AE28B7A22D0025DE29 /* FirebaseAppCheck */,
				FD14A2B028B7A22D0025DE29 /* FirebaseAppDistribution-Beta */,
				FD14A2B228B7A22D0025DE29 /* FirebaseAuth */,
				FD14A2B428B7A22D0025DE29 /* FirebaseAuthCombine-Community */,
				FD14A2B628B7A22D0025DE29 /* FirebaseCrashlytics */,
				FD14A2B828B7A22D0025DE29 /* FirebaseDatabase */,
				FD14A2BA28B7A22D0025DE29 /* FirebaseDatabaseSwift */,
				FD14A2BC28B7A22D0025DE29 /* FirebaseDynamicLinks */,
				FD14A2BE28B7A22D0025DE29 /* FirebaseFirestore */,
				FD14A2C028B7A22D0025DE29 /* FirebaseFirestoreCombine-Community */,
				FD14A2C228B7A22D0025DE29 /* FirebaseFirestoreSwift */,
				FD14A2C428B7A22D0025DE29 /* FirebaseFunctions */,
				FD14A2C628B7A22D0025DE29 /* FirebaseFunctionsCombine-Community */,
				FD14A2C828B7A22D0025DE29 /* FirebaseInAppMessaging-Beta */,
				FD14A2CA28B7A22D0025DE29 /* FirebaseInAppMessagingSwift-Beta */,
				FD14A2CC28B7A22D0025DE29 /* FirebaseInstallations */,
				FD14A2CE28B7A22D0025DE29 /* FirebaseMLModelDownloader */,
				FD14A2D028B7A22D0025DE29 /* FirebaseMessaging */,
				FD14A2D228B7A22D0025DE29 /* FirebasePerformance */,
				FD14A2D428B7A22D0025DE29 /* FirebaseRemoteConfig */,
				FD14A2D628B7A22D0025DE29 /* FirebaseRemoteConfigSwift */,
				FD14A2D828B7A22D0025DE29 /* FirebaseStorage */,
				FD14A2DA28B7A22D0025DE29 /* FirebaseStorageCombine-Community */,
			);
			productName = Abono;
			productReference = FD4379AE2818A65E0036AE8B /* Abono.app */;
			productType = "com.apple.product-type.application";
		};
		FD4379BD2818A65F0036AE8B /* AbonoTests */ = {
			isa = PBXNativeTarget;
			buildConfigurationList = FD4379D52818A6600036AE8B /* Build configuration list for PBXNativeTarget "AbonoTests" */;
			buildPhases = (
				FD4379BA2818A65F0036AE8B /* Sources */,
				FD4379BB2818A65F0036AE8B /* Frameworks */,
				FD4379BC2818A65F0036AE8B /* Resources */,
			);
			buildRules = (
			);
			dependencies = (
				FD4379C02818A65F0036AE8B /* PBXTargetDependency */,
			);
			name = AbonoTests;
			productName = AbonoTests;
			productReference = FD4379BE2818A65F0036AE8B /* AbonoTests.xctest */;
			productType = "com.apple.product-type.bundle.unit-test";
		};
		FD4379C72818A6600036AE8B /* AbonoUITests */ = {
			isa = PBXNativeTarget;
			buildConfigurationList = FD4379D82818A6600036AE8B /* Build configuration list for PBXNativeTarget "AbonoUITests" */;
			buildPhases = (
				FD4379C42818A6600036AE8B /* Sources */,
				FD4379C52818A6600036AE8B /* Frameworks */,
				FD4379C62818A6600036AE8B /* Resources */,
			);
			buildRules = (
			);
			dependencies = (
				FD4379CA2818A6600036AE8B /* PBXTargetDependency */,
			);
			name = AbonoUITests;
			productName = AbonoUITests;
			productReference = FD4379C82818A6600036AE8B /* AbonoUITests.xctest */;
			productType = "com.apple.product-type.bundle.ui-testing";
		};
/* End PBXNativeTarget section */

/* Begin PBXProject section */
		FD4379A62818A65E0036AE8B /* Project object */ = {
			isa = PBXProject;
			attributes = {
				BuildIndependentTargetsInParallel = 1;
				LastSwiftUpdateCheck = 1330;
				LastUpgradeCheck = 1330;
				TargetAttributes = {
					FD4379AD2818A65E0036AE8B = {
						CreatedOnToolsVersion = 13.3;
					};
					FD4379BD2818A65F0036AE8B = {
						CreatedOnToolsVersion = 13.3;
						TestTargetID = FD4379AD2818A65E0036AE8B;
					};
					FD4379C72818A6600036AE8B = {
						CreatedOnToolsVersion = 13.3;
						TestTargetID = FD4379AD2818A65E0036AE8B;
					};
				};
			};
			buildConfigurationList = FD4379A92818A65E0036AE8B /* Build configuration list for PBXProject "Abono" */;
			compatibilityVersion = "Xcode 13.0";
			developmentRegion = en;
			hasScannedForEncodings = 0;
			knownRegions = (
				en,
				Base,
			);
			mainGroup = FD4379A52818A65E0036AE8B;
			packageReferences = (
				FDFB77A528B3CA7700E1C685 /* XCRemoteSwiftPackageReference "swift-composable-architecture" */,
				FD14A2A528B7A22D0025DE29 /* XCRemoteSwiftPackageReference "firebase-ios-sdk" */,
			);
			productRefGroup = FD4379AF2818A65E0036AE8B /* Products */;
			projectDirPath = "";
			projectRoot = "";
			targets = (
				FD4379AD2818A65E0036AE8B /* Abono */,
				FD4379BD2818A65F0036AE8B /* AbonoTests */,
				FD4379C72818A6600036AE8B /* AbonoUITests */,
			);
		};
/* End PBXProject section */

/* Begin PBXResourcesBuildPhase section */
		FD4379AC2818A65E0036AE8B /* Resources */ = {
			isa = PBXResourcesBuildPhase;
			buildActionMask = 2147483647;
			files = (
				FDFB778928B39D0600E1C685 /* Colors.xcassets in Resources */,
				FD14A2DE28B7A3590025DE29 /* GoogleService-Info.plist in Resources */,
				FD4379B92818A65F0036AE8B /* Preview Assets.xcassets in Resources */,
				FD4379B62818A65F0036AE8B /* Images.xcassets in Resources */,
			);
			runOnlyForDeploymentPostprocessing = 0;
		};
		FD4379BC2818A65F0036AE8B /* Resources */ = {
			isa = PBXResourcesBuildPhase;
			buildActionMask = 2147483647;
			files = (
			);
			runOnlyForDeploymentPostprocessing = 0;
		};
		FD4379C62818A6600036AE8B /* Resources */ = {
			isa = PBXResourcesBuildPhase;
			buildActionMask = 2147483647;
			files = (
			);
			runOnlyForDeploymentPostprocessing = 0;
		};
/* End PBXResourcesBuildPhase section */

/* Begin PBXSourcesBuildPhase section */
		FD4379AA2818A65E0036AE8B /* Sources */ = {
			isa = PBXSourcesBuildPhase;
			buildActionMask = 2147483647;
			files = (
				FD97193A28B3D453008F6AFC /* UpcomingSubscriptionEffect.swift in Sources */,
				FDFB77AA28B3CEB500E1C685 /* SystemEnvironment.swift in Sources */,
				FD14A2E428B8BBF50025DE29 /* AlreadyPaidModel.swift in Sources */,
				FD14A2E828B8C8A90025DE29 /* AlreadyPaidEffect.swift in Sources */,
				FDFB77A428B3C8C700E1C685 /* UpcomingSubscriptionsFeature.swift in Sources */,
				FD248DEA28B39BD600960952 /* TabItemData.swift in Sources */,
				FD14A2A228B7944D0025DE29 /* RootFeature.swift in Sources */,
				FDFB778728B39CF000E1C685 /* Colors.swift in Sources */,
				FD248DEE28B39BF100960952 /* TabBottomView.swift in Sources */,
				FDFB779628B3AE2100E1C685 /* UpcomingSubscriptionsView.swift in Sources */,
				FD4379B22818A65E0036AE8B /* AbonoApp.swift in Sources */,
				FDFB779A28B3AE5000E1C685 /* ProgressCircleView.swift in Sources */,
				FD14A2E628B8C45C0025DE29 /* UpcomingSubscriptionDataView.swift in Sources */,
				FDFB779228B3ADE400E1C685 /* TopAmountSectionView.swift in Sources */,
				FD3E066C28BAC0B800B85360 /* ContactUsView.swift in Sources */,
				FD248DEC28B39BE400960952 /* TabItemView.swift in Sources */,
				FD14A2E228B8B6910025DE29 /* AlreadyPaidDataView.swift in Sources */,
				FD248DE828B39BC600960952 /* MainTabView.swift in Sources */,
				FD248DF028B39C0000960952 /* CustomTabView.swift in Sources */,
				FDFB779028B3ADB800E1C685 /* HeaderView.swift in Sources */,
				FDFB779428B3AE0800E1C685 /* AmountCardView.swift in Sources */,
				FDFB779E28B3AE8600E1C685 /* SubscriptionItemView.swift in Sources */,
				FD3E066728BABFDB00B85360 /* AddSubscriptionView.swift in Sources */,
				FDFB778E28B3AD7B00E1C685 /* DashboardView.swift in Sources */,
				FDFB779828B3AE3500E1C685 /* SubscriptionCardView.swift in Sources */,
				FD14A2E028B8B5760025DE29 /* AlreadyPaidFeature.swift in Sources */,
				FD3E066A28BAC0A500B85360 /* SettingsView.swift in Sources */,
				FDFB779C28B3AE6A00E1C685 /* AlreadyPaidView.swift in Sources */,
				FDFB778B28B3ACF600E1C685 /* Fonts.swift in Sources */,
				FD248DF228B39C6400960952 /* AppAppearance.swift in Sources */,
				FD97193828B3CFD5008F6AFC /* UpcomingSubscriptionModel.swift in Sources */,
				FD97193628B3CF93008F6AFC /* APIError.swift in Sources */,
				FD14A2A428B795DE0025DE29 /* DashboardFeature.swift in Sources */,
				FD3E066E28BAC0D800B85360 /* SocialMediaManager.swift in Sources */,
			);
			runOnlyForDeploymentPostprocessing = 0;
		};
		FD4379BA2818A65F0036AE8B /* Sources */ = {
			isa = PBXSourcesBuildPhase;
			buildActionMask = 2147483647;
			files = (
			);
			runOnlyForDeploymentPostprocessing = 0;
		};
		FD4379C42818A6600036AE8B /* Sources */ = {
			isa = PBXSourcesBuildPhase;
			buildActionMask = 2147483647;
			files = (
			);
			runOnlyForDeploymentPostprocessing = 0;
		};
/* End PBXSourcesBuildPhase section */

/* Begin PBXTargetDependency section */
		FD4379C02818A65F0036AE8B /* PBXTargetDependency */ = {
			isa = PBXTargetDependency;
			target = FD4379AD2818A65E0036AE8B /* Abono */;
			targetProxy = FD4379BF2818A65F0036AE8B /* PBXContainerItemProxy */;
		};
		FD4379CA2818A6600036AE8B /* PBXTargetDependency */ = {
			isa = PBXTargetDependency;
			target = FD4379AD2818A65E0036AE8B /* Abono */;
			targetProxy = FD4379C92818A6600036AE8B /* PBXContainerItemProxy */;
		};
/* End PBXTargetDependency section */

/* Begin XCBuildConfiguration section */
		FD4379D02818A6600036AE8B /* Debug */ = {
			isa = XCBuildConfiguration;
			buildSettings = {
				ALWAYS_SEARCH_USER_PATHS = NO;
				CLANG_ANALYZER_NONNULL = YES;
				CLANG_ANALYZER_NUMBER_OBJECT_CONVERSION = YES_AGGRESSIVE;
				CLANG_CXX_LANGUAGE_STANDARD = "gnu++17";
				CLANG_ENABLE_MODULES = YES;
				CLANG_ENABLE_OBJC_ARC = YES;
				CLANG_ENABLE_OBJC_WEAK = YES;
				CLANG_WARN_BLOCK_CAPTURE_AUTORELEASING = YES;
				CLANG_WARN_BOOL_CONVERSION = YES;
				CLANG_WARN_COMMA = YES;
				CLANG_WARN_CONSTANT_CONVERSION = YES;
				CLANG_WARN_DEPRECATED_OBJC_IMPLEMENTATIONS = YES;
				CLANG_WARN_DIRECT_OBJC_ISA_USAGE = YES_ERROR;
				CLANG_WARN_DOCUMENTATION_COMMENTS = YES;
				CLANG_WARN_EMPTY_BODY = YES;
				CLANG_WARN_ENUM_CONVERSION = YES;
				CLANG_WARN_INFINITE_RECURSION = YES;
				CLANG_WARN_INT_CONVERSION = YES;
				CLANG_WARN_NON_LITERAL_NULL_CONVERSION = YES;
				CLANG_WARN_OBJC_IMPLICIT_RETAIN_SELF = YES;
				CLANG_WARN_OBJC_LITERAL_CONVERSION = YES;
				CLANG_WARN_OBJC_ROOT_CLASS = YES_ERROR;
				CLANG_WARN_QUOTED_INCLUDE_IN_FRAMEWORK_HEADER = YES;
				CLANG_WARN_RANGE_LOOP_ANALYSIS = YES;
				CLANG_WARN_STRICT_PROTOTYPES = YES;
				CLANG_WARN_SUSPICIOUS_MOVE = YES;
				CLANG_WARN_UNGUARDED_AVAILABILITY = YES_AGGRESSIVE;
				CLANG_WARN_UNREACHABLE_CODE = YES;
				CLANG_WARN__DUPLICATE_METHOD_MATCH = YES;
				COPY_PHASE_STRIP = NO;
				DEBUG_INFORMATION_FORMAT = dwarf;
				ENABLE_STRICT_OBJC_MSGSEND = YES;
				ENABLE_TESTABILITY = YES;
				GCC_C_LANGUAGE_STANDARD = gnu11;
				GCC_DYNAMIC_NO_PIC = NO;
				GCC_NO_COMMON_BLOCKS = YES;
				GCC_OPTIMIZATION_LEVEL = 0;
				GCC_PREPROCESSOR_DEFINITIONS = (
					"DEBUG=1",
					"$(inherited)",
				);
				GCC_WARN_64_TO_32_BIT_CONVERSION = YES;
				GCC_WARN_ABOUT_RETURN_TYPE = YES_ERROR;
				GCC_WARN_UNDECLARED_SELECTOR = YES;
				GCC_WARN_UNINITIALIZED_AUTOS = YES_AGGRESSIVE;
				GCC_WARN_UNUSED_FUNCTION = YES;
				GCC_WARN_UNUSED_VARIABLE = YES;
				IPHONEOS_DEPLOYMENT_TARGET = 15.4;
				MTL_ENABLE_DEBUG_INFO = INCLUDE_SOURCE;
				MTL_FAST_MATH = YES;
				ONLY_ACTIVE_ARCH = YES;
				SDKROOT = iphoneos;
				SWIFT_ACTIVE_COMPILATION_CONDITIONS = DEBUG;
				SWIFT_OPTIMIZATION_LEVEL = "-Onone";
			};
			name = Debug;
		};
		FD4379D12818A6600036AE8B /* Release */ = {
			isa = XCBuildConfiguration;
			buildSettings = {
				ALWAYS_SEARCH_USER_PATHS = NO;
				CLANG_ANALYZER_NONNULL = YES;
				CLANG_ANALYZER_NUMBER_OBJECT_CONVERSION = YES_AGGRESSIVE;
				CLANG_CXX_LANGUAGE_STANDARD = "gnu++17";
				CLANG_ENABLE_MODULES = YES;
				CLANG_ENABLE_OBJC_ARC = YES;
				CLANG_ENABLE_OBJC_WEAK = YES;
				CLANG_WARN_BLOCK_CAPTURE_AUTORELEASING = YES;
				CLANG_WARN_BOOL_CONVERSION = YES;
				CLANG_WARN_COMMA = YES;
				CLANG_WARN_CONSTANT_CONVERSION = YES;
				CLANG_WARN_DEPRECATED_OBJC_IMPLEMENTATIONS = YES;
				CLANG_WARN_DIRECT_OBJC_ISA_USAGE = YES_ERROR;
				CLANG_WARN_DOCUMENTATION_COMMENTS = YES;
				CLANG_WARN_EMPTY_BODY = YES;
				CLANG_WARN_ENUM_CONVERSION = YES;
				CLANG_WARN_INFINITE_RECURSION = YES;
				CLANG_WARN_INT_CONVERSION = YES;
				CLANG_WARN_NON_LITERAL_NULL_CONVERSION = YES;
				CLANG_WARN_OBJC_IMPLICIT_RETAIN_SELF = YES;
				CLANG_WARN_OBJC_LITERAL_CONVERSION = YES;
				CLANG_WARN_OBJC_ROOT_CLASS = YES_ERROR;
				CLANG_WARN_QUOTED_INCLUDE_IN_FRAMEWORK_HEADER = YES;
				CLANG_WARN_RANGE_LOOP_ANALYSIS = YES;
				CLANG_WARN_STRICT_PROTOTYPES = YES;
				CLANG_WARN_SUSPICIOUS_MOVE = YES;
				CLANG_WARN_UNGUARDED_AVAILABILITY = YES_AGGRESSIVE;
				CLANG_WARN_UNREACHABLE_CODE = YES;
				CLANG_WARN__DUPLICATE_METHOD_MATCH = YES;
				COPY_PHASE_STRIP = NO;
				DEBUG_INFORMATION_FORMAT = "dwarf-with-dsym";
				ENABLE_NS_ASSERTIONS = NO;
				ENABLE_STRICT_OBJC_MSGSEND = YES;
				GCC_C_LANGUAGE_STANDARD = gnu11;
				GCC_NO_COMMON_BLOCKS = YES;
				GCC_WARN_64_TO_32_BIT_CONVERSION = YES;
				GCC_WARN_ABOUT_RETURN_TYPE = YES_ERROR;
				GCC_WARN_UNDECLARED_SELECTOR = YES;
				GCC_WARN_UNINITIALIZED_AUTOS = YES_AGGRESSIVE;
				GCC_WARN_UNUSED_FUNCTION = YES;
				GCC_WARN_UNUSED_VARIABLE = YES;
				IPHONEOS_DEPLOYMENT_TARGET = 15.4;
				MTL_ENABLE_DEBUG_INFO = NO;
				MTL_FAST_MATH = YES;
				SDKROOT = iphoneos;
				SWIFT_COMPILATION_MODE = wholemodule;
				SWIFT_OPTIMIZATION_LEVEL = "-O";
				VALIDATE_PRODUCT = YES;
			};
			name = Release;
		};
		FD4379D32818A6600036AE8B /* Debug */ = {
			isa = XCBuildConfiguration;
			buildSettings = {
				ASSETCATALOG_COMPILER_APPICON_NAME = AppIcon;
				ASSETCATALOG_COMPILER_GLOBAL_ACCENT_COLOR_NAME = AccentColor;
				CODE_SIGN_STYLE = Automatic;
				CURRENT_PROJECT_VERSION = 1;
				DEVELOPMENT_ASSET_PATHS = "\"Abono/Resources/Preview Content\"";
				ENABLE_PREVIEWS = YES;
				GENERATE_INFOPLIST_FILE = YES;
				INFOPLIST_KEY_UIApplicationSceneManifest_Generation = YES;
				INFOPLIST_KEY_UIApplicationSupportsIndirectInputEvents = YES;
				INFOPLIST_KEY_UILaunchScreen_Generation = YES;
				INFOPLIST_KEY_UISupportedInterfaceOrientations_iPad = "UIInterfaceOrientationPortrait UIInterfaceOrientationPortraitUpsideDown UIInterfaceOrientationLandscapeLeft UIInterfaceOrientationLandscapeRight";
				INFOPLIST_KEY_UISupportedInterfaceOrientations_iPhone = "UIInterfaceOrientationPortrait UIInterfaceOrientationLandscapeLeft UIInterfaceOrientationLandscapeRight";
				LD_RUNPATH_SEARCH_PATHS = (
					"$(inherited)",
					"@executable_path/Frameworks",
				);
				MARKETING_VERSION = 0.0.1;
				PRODUCT_BUNDLE_IDENTIFIER = com.tadev.abono;
				PRODUCT_NAME = "$(TARGET_NAME)";
				SWIFT_EMIT_LOC_STRINGS = YES;
				SWIFT_VERSION = 5.0;
				TARGETED_DEVICE_FAMILY = "1,2";
			};
			name = Debug;
		};
		FD4379D42818A6600036AE8B /* Release */ = {
			isa = XCBuildConfiguration;
			buildSettings = {
				ASSETCATALOG_COMPILER_APPICON_NAME = AppIcon;
				ASSETCATALOG_COMPILER_GLOBAL_ACCENT_COLOR_NAME = AccentColor;
				CODE_SIGN_STYLE = Automatic;
				CURRENT_PROJECT_VERSION = 1;
				DEVELOPMENT_ASSET_PATHS = "\"Abono/Resources/Preview Content\"";
				ENABLE_PREVIEWS = YES;
				GENERATE_INFOPLIST_FILE = YES;
				INFOPLIST_KEY_UIApplicationSceneManifest_Generation = YES;
				INFOPLIST_KEY_UIApplicationSupportsIndirectInputEvents = YES;
				INFOPLIST_KEY_UILaunchScreen_Generation = YES;
				INFOPLIST_KEY_UISupportedInterfaceOrientations_iPad = "UIInterfaceOrientationPortrait UIInterfaceOrientationPortraitUpsideDown UIInterfaceOrientationLandscapeLeft UIInterfaceOrientationLandscapeRight";
				INFOPLIST_KEY_UISupportedInterfaceOrientations_iPhone = "UIInterfaceOrientationPortrait UIInterfaceOrientationLandscapeLeft UIInterfaceOrientationLandscapeRight";
				LD_RUNPATH_SEARCH_PATHS = (
					"$(inherited)",
					"@executable_path/Frameworks",
				);
				MARKETING_VERSION = 0.0.1;
				PRODUCT_BUNDLE_IDENTIFIER = com.tadev.abono;
				PRODUCT_NAME = "$(TARGET_NAME)";
				SWIFT_EMIT_LOC_STRINGS = YES;
				SWIFT_VERSION = 5.0;
				TARGETED_DEVICE_FAMILY = "1,2";
			};
			name = Release;
		};
		FD4379D62818A6600036AE8B /* Debug */ = {
			isa = XCBuildConfiguration;
			buildSettings = {
				ALWAYS_EMBED_SWIFT_STANDARD_LIBRARIES = YES;
				BUNDLE_LOADER = "$(TEST_HOST)";
				CODE_SIGN_STYLE = Automatic;
				CURRENT_PROJECT_VERSION = 1;
				GENERATE_INFOPLIST_FILE = YES;
				IPHONEOS_DEPLOYMENT_TARGET = 15.4;
				MARKETING_VERSION = 1.0;
				PRODUCT_BUNDLE_IDENTIFIER = com.tadev.AbonoTests;
				PRODUCT_NAME = "$(TARGET_NAME)";
				SWIFT_EMIT_LOC_STRINGS = NO;
				SWIFT_VERSION = 5.0;
				TARGETED_DEVICE_FAMILY = "1,2";
				TEST_HOST = "$(BUILT_PRODUCTS_DIR)/Abono.app/Abono";
			};
			name = Debug;
		};
		FD4379D72818A6600036AE8B /* Release */ = {
			isa = XCBuildConfiguration;
			buildSettings = {
				ALWAYS_EMBED_SWIFT_STANDARD_LIBRARIES = YES;
				BUNDLE_LOADER = "$(TEST_HOST)";
				CODE_SIGN_STYLE = Automatic;
				CURRENT_PROJECT_VERSION = 1;
				GENERATE_INFOPLIST_FILE = YES;
				IPHONEOS_DEPLOYMENT_TARGET = 15.4;
				MARKETING_VERSION = 1.0;
				PRODUCT_BUNDLE_IDENTIFIER = com.tadev.AbonoTests;
				PRODUCT_NAME = "$(TARGET_NAME)";
				SWIFT_EMIT_LOC_STRINGS = NO;
				SWIFT_VERSION = 5.0;
				TARGETED_DEVICE_FAMILY = "1,2";
				TEST_HOST = "$(BUILT_PRODUCTS_DIR)/Abono.app/Abono";
			};
			name = Release;
		};
		FD4379D92818A6600036AE8B /* Debug */ = {
			isa = XCBuildConfiguration;
			buildSettings = {
				ALWAYS_EMBED_SWIFT_STANDARD_LIBRARIES = YES;
				CODE_SIGN_STYLE = Automatic;
				CURRENT_PROJECT_VERSION = 1;
				GENERATE_INFOPLIST_FILE = YES;
				MARKETING_VERSION = 1.0;
				PRODUCT_BUNDLE_IDENTIFIER = com.tadev.AbonoUITests;
				PRODUCT_NAME = "$(TARGET_NAME)";
				SWIFT_EMIT_LOC_STRINGS = NO;
				SWIFT_VERSION = 5.0;
				TARGETED_DEVICE_FAMILY = "1,2";
				TEST_TARGET_NAME = Abono;
			};
			name = Debug;
		};
		FD4379DA2818A6600036AE8B /* Release */ = {
			isa = XCBuildConfiguration;
			buildSettings = {
				ALWAYS_EMBED_SWIFT_STANDARD_LIBRARIES = YES;
				CODE_SIGN_STYLE = Automatic;
				CURRENT_PROJECT_VERSION = 1;
				GENERATE_INFOPLIST_FILE = YES;
				MARKETING_VERSION = 1.0;
				PRODUCT_BUNDLE_IDENTIFIER = com.tadev.AbonoUITests;
				PRODUCT_NAME = "$(TARGET_NAME)";
				SWIFT_EMIT_LOC_STRINGS = NO;
				SWIFT_VERSION = 5.0;
				TARGETED_DEVICE_FAMILY = "1,2";
				TEST_TARGET_NAME = Abono;
			};
			name = Release;
		};
/* End XCBuildConfiguration section */

/* Begin XCConfigurationList section */
		FD4379A92818A65E0036AE8B /* Build configuration list for PBXProject "Abono" */ = {
			isa = XCConfigurationList;
			buildConfigurations = (
				FD4379D02818A6600036AE8B /* Debug */,
				FD4379D12818A6600036AE8B /* Release */,
			);
			defaultConfigurationIsVisible = 0;
			defaultConfigurationName = Release;
		};
		FD4379D22818A6600036AE8B /* Build configuration list for PBXNativeTarget "Abono" */ = {
			isa = XCConfigurationList;
			buildConfigurations = (
				FD4379D32818A6600036AE8B /* Debug */,
				FD4379D42818A6600036AE8B /* Release */,
			);
			defaultConfigurationIsVisible = 0;
			defaultConfigurationName = Release;
		};
		FD4379D52818A6600036AE8B /* Build configuration list for PBXNativeTarget "AbonoTests" */ = {
			isa = XCConfigurationList;
			buildConfigurations = (
				FD4379D62818A6600036AE8B /* Debug */,
				FD4379D72818A6600036AE8B /* Release */,
			);
			defaultConfigurationIsVisible = 0;
			defaultConfigurationName = Release;
		};
		FD4379D82818A6600036AE8B /* Build configuration list for PBXNativeTarget "AbonoUITests" */ = {
			isa = XCConfigurationList;
			buildConfigurations = (
				FD4379D92818A6600036AE8B /* Debug */,
				FD4379DA2818A6600036AE8B /* Release */,
			);
			defaultConfigurationIsVisible = 0;
			defaultConfigurationName = Release;
		};
/* End XCConfigurationList section */

/* Begin XCRemoteSwiftPackageReference section */
		FD14A2A528B7A22D0025DE29 /* XCRemoteSwiftPackageReference "firebase-ios-sdk" */ = {
			isa = XCRemoteSwiftPackageReference;
			repositoryURL = "https://github.com/firebase/firebase-ios-sdk";
			requirement = {
				kind = exactVersion;
				version = 9.5.0;
			};
		};
		FDFB77A528B3CA7700E1C685 /* XCRemoteSwiftPackageReference "swift-composable-architecture" */ = {
			isa = XCRemoteSwiftPackageReference;
			repositoryURL = "https://github.com/pointfreeco/swift-composable-architecture";
			requirement = {
				kind = upToNextMajorVersion;
				minimumVersion = 0.9.0;
			};
		};
/* End XCRemoteSwiftPackageReference section */

/* Begin XCSwiftPackageProductDependency section */
		FD14A2A628B7A22D0025DE29 /* FirebaseAnalytics */ = {
			isa = XCSwiftPackageProductDependency;
			package = FD14A2A528B7A22D0025DE29 /* XCRemoteSwiftPackageReference "firebase-ios-sdk" */;
			productName = FirebaseAnalytics;
		};
		FD14A2A828B7A22D0025DE29 /* FirebaseAnalyticsOnDeviceConversion */ = {
			isa = XCSwiftPackageProductDependency;
			package = FD14A2A528B7A22D0025DE29 /* XCRemoteSwiftPackageReference "firebase-ios-sdk" */;
			productName = FirebaseAnalyticsOnDeviceConversion;
		};
		FD14A2AA28B7A22D0025DE29 /* FirebaseAnalyticsSwift */ = {
			isa = XCSwiftPackageProductDependency;
			package = FD14A2A528B7A22D0025DE29 /* XCRemoteSwiftPackageReference "firebase-ios-sdk" */;
			productName = FirebaseAnalyticsSwift;
		};
		FD14A2AC28B7A22D0025DE29 /* FirebaseAnalyticsWithoutAdIdSupport */ = {
			isa = XCSwiftPackageProductDependency;
			package = FD14A2A528B7A22D0025DE29 /* XCRemoteSwiftPackageReference "firebase-ios-sdk" */;
			productName = FirebaseAnalyticsWithoutAdIdSupport;
		};
		FD14A2AE28B7A22D0025DE29 /* FirebaseAppCheck */ = {
			isa = XCSwiftPackageProductDependency;
			package = FD14A2A528B7A22D0025DE29 /* XCRemoteSwiftPackageReference "firebase-ios-sdk" */;
			productName = FirebaseAppCheck;
		};
		FD14A2B028B7A22D0025DE29 /* FirebaseAppDistribution-Beta */ = {
			isa = XCSwiftPackageProductDependency;
			package = FD14A2A528B7A22D0025DE29 /* XCRemoteSwiftPackageReference "firebase-ios-sdk" */;
			productName = "FirebaseAppDistribution-Beta";
		};
		FD14A2B228B7A22D0025DE29 /* FirebaseAuth */ = {
			isa = XCSwiftPackageProductDependency;
			package = FD14A2A528B7A22D0025DE29 /* XCRemoteSwiftPackageReference "firebase-ios-sdk" */;
			productName = FirebaseAuth;
		};
		FD14A2B428B7A22D0025DE29 /* FirebaseAuthCombine-Community */ = {
			isa = XCSwiftPackageProductDependency;
			package = FD14A2A528B7A22D0025DE29 /* XCRemoteSwiftPackageReference "firebase-ios-sdk" */;
			productName = "FirebaseAuthCombine-Community";
		};
		FD14A2B628B7A22D0025DE29 /* FirebaseCrashlytics */ = {
			isa = XCSwiftPackageProductDependency;
			package = FD14A2A528B7A22D0025DE29 /* XCRemoteSwiftPackageReference "firebase-ios-sdk" */;
			productName = FirebaseCrashlytics;
		};
		FD14A2B828B7A22D0025DE29 /* FirebaseDatabase */ = {
			isa = XCSwiftPackageProductDependency;
			package = FD14A2A528B7A22D0025DE29 /* XCRemoteSwiftPackageReference "firebase-ios-sdk" */;
			productName = FirebaseDatabase;
		};
		FD14A2BA28B7A22D0025DE29 /* FirebaseDatabaseSwift */ = {
			isa = XCSwiftPackageProductDependency;
			package = FD14A2A528B7A22D0025DE29 /* XCRemoteSwiftPackageReference "firebase-ios-sdk" */;
			productName = FirebaseDatabaseSwift;
		};
		FD14A2BC28B7A22D0025DE29 /* FirebaseDynamicLinks */ = {
			isa = XCSwiftPackageProductDependency;
			package = FD14A2A528B7A22D0025DE29 /* XCRemoteSwiftPackageReference "firebase-ios-sdk" */;
			productName = FirebaseDynamicLinks;
		};
		FD14A2BE28B7A22D0025DE29 /* FirebaseFirestore */ = {
			isa = XCSwiftPackageProductDependency;
			package = FD14A2A528B7A22D0025DE29 /* XCRemoteSwiftPackageReference "firebase-ios-sdk" */;
			productName = FirebaseFirestore;
		};
		FD14A2C028B7A22D0025DE29 /* FirebaseFirestoreCombine-Community */ = {
			isa = XCSwiftPackageProductDependency;
			package = FD14A2A528B7A22D0025DE29 /* XCRemoteSwiftPackageReference "firebase-ios-sdk" */;
			productName = "FirebaseFirestoreCombine-Community";
		};
		FD14A2C228B7A22D0025DE29 /* FirebaseFirestoreSwift */ = {
			isa = XCSwiftPackageProductDependency;
			package = FD14A2A528B7A22D0025DE29 /* XCRemoteSwiftPackageReference "firebase-ios-sdk" */;
			productName = FirebaseFirestoreSwift;
		};
		FD14A2C428B7A22D0025DE29 /* FirebaseFunctions */ = {
			isa = XCSwiftPackageProductDependency;
			package = FD14A2A528B7A22D0025DE29 /* XCRemoteSwiftPackageReference "firebase-ios-sdk" */;
			productName = FirebaseFunctions;
		};
		FD14A2C628B7A22D0025DE29 /* FirebaseFunctionsCombine-Community */ = {
			isa = XCSwiftPackageProductDependency;
			package = FD14A2A528B7A22D0025DE29 /* XCRemoteSwiftPackageReference "firebase-ios-sdk" */;
			productName = "FirebaseFunctionsCombine-Community";
		};
		FD14A2C828B7A22D0025DE29 /* FirebaseInAppMessaging-Beta */ = {
			isa = XCSwiftPackageProductDependency;
			package = FD14A2A528B7A22D0025DE29 /* XCRemoteSwiftPackageReference "firebase-ios-sdk" */;
			productName = "FirebaseInAppMessaging-Beta";
		};
		FD14A2CA28B7A22D0025DE29 /* FirebaseInAppMessagingSwift-Beta */ = {
			isa = XCSwiftPackageProductDependency;
			package = FD14A2A528B7A22D0025DE29 /* XCRemoteSwiftPackageReference "firebase-ios-sdk" */;
			productName = "FirebaseInAppMessagingSwift-Beta";
		};
		FD14A2CC28B7A22D0025DE29 /* FirebaseInstallations */ = {
			isa = XCSwiftPackageProductDependency;
			package = FD14A2A528B7A22D0025DE29 /* XCRemoteSwiftPackageReference "firebase-ios-sdk" */;
			productName = FirebaseInstallations;
		};
		FD14A2CE28B7A22D0025DE29 /* FirebaseMLModelDownloader */ = {
			isa = XCSwiftPackageProductDependency;
			package = FD14A2A528B7A22D0025DE29 /* XCRemoteSwiftPackageReference "firebase-ios-sdk" */;
			productName = FirebaseMLModelDownloader;
		};
		FD14A2D028B7A22D0025DE29 /* FirebaseMessaging */ = {
			isa = XCSwiftPackageProductDependency;
			package = FD14A2A528B7A22D0025DE29 /* XCRemoteSwiftPackageReference "firebase-ios-sdk" */;
			productName = FirebaseMessaging;
		};
		FD14A2D228B7A22D0025DE29 /* FirebasePerformance */ = {
			isa = XCSwiftPackageProductDependency;
			package = FD14A2A528B7A22D0025DE29 /* XCRemoteSwiftPackageReference "firebase-ios-sdk" */;
			productName = FirebasePerformance;
		};
		FD14A2D428B7A22D0025DE29 /* FirebaseRemoteConfig */ = {
			isa = XCSwiftPackageProductDependency;
			package = FD14A2A528B7A22D0025DE29 /* XCRemoteSwiftPackageReference "firebase-ios-sdk" */;
			productName = FirebaseRemoteConfig;
		};
		FD14A2D628B7A22D0025DE29 /* FirebaseRemoteConfigSwift */ = {
			isa = XCSwiftPackageProductDependency;
			package = FD14A2A528B7A22D0025DE29 /* XCRemoteSwiftPackageReference "firebase-ios-sdk" */;
			productName = FirebaseRemoteConfigSwift;
		};
		FD14A2D828B7A22D0025DE29 /* FirebaseStorage */ = {
			isa = XCSwiftPackageProductDependency;
			package = FD14A2A528B7A22D0025DE29 /* XCRemoteSwiftPackageReference "firebase-ios-sdk" */;
			productName = FirebaseStorage;
		};
		FD14A2DA28B7A22D0025DE29 /* FirebaseStorageCombine-Community */ = {
			isa = XCSwiftPackageProductDependency;
			package = FD14A2A528B7A22D0025DE29 /* XCRemoteSwiftPackageReference "firebase-ios-sdk" */;
			productName = "FirebaseStorageCombine-Community";
		};
		FDFB77A628B3CA7700E1C685 /* ComposableArchitecture */ = {
			isa = XCSwiftPackageProductDependency;
			package = FDFB77A528B3CA7700E1C685 /* XCRemoteSwiftPackageReference "swift-composable-architecture" */;
			productName = ComposableArchitecture;
		};
/* End XCSwiftPackageProductDependency section */
	};
	rootObject = FD4379A62818A65E0036AE8B /* Project object */;
}
